// !$*UTF8*$!
{
	archiveVersion = 1;
	classes = {
	};
	objectVersion = 50;
	objects = {

/* Begin PBXBuildFile section */
		67404D4A248C5D430084681C /* AppDelegate.swift in Sources */ = {isa = PBXBuildFile; fileRef = 67404D49248C5D430084681C /* AppDelegate.swift */; };
		67404D4C248C5D430084681C /* SceneDelegate.swift in Sources */ = {isa = PBXBuildFile; fileRef = 67404D4B248C5D430084681C /* SceneDelegate.swift */; };
		67404D4E248C5D430084681C /* ViewController.swift in Sources */ = {isa = PBXBuildFile; fileRef = 67404D4D248C5D430084681C /* ViewController.swift */; };
		67404D51248C5D430084681C /* Main.storyboard in Resources */ = {isa = PBXBuildFile; fileRef = 67404D4F248C5D430084681C /* Main.storyboard */; };
		67404D53248C5D450084681C /* Assets.xcassets in Resources */ = {isa = PBXBuildFile; fileRef = 67404D52248C5D450084681C /* Assets.xcassets */; };
		67404D56248C5D450084681C /* LaunchScreen.storyboard in Resources */ = {isa = PBXBuildFile; fileRef = 67404D54248C5D450084681C /* LaunchScreen.storyboard */; };
		67404D5F248C66240084681C /* key.png in Resources */ = {isa = PBXBuildFile; fileRef = 67404D5D248C66240084681C /* key.png */; };
		67404D60248C66240084681C /* setting.png in Resources */ = {isa = PBXBuildFile; fileRef = 67404D5E248C66240084681C /* setting.png */; };
		67C699B7248C84BF00C258A9 /* NextViewController.swift in Sources */ = {isa = PBXBuildFile; fileRef = 67C699B6248C84BF00C258A9 /* NextViewController.swift */; };
/* End PBXBuildFile section */

/* Begin PBXFileReference section */
		67404D46248C5D420084681C /* swift_button_app.app */ = {isa = PBXFileReference; explicitFileType = wrapper.application; includeInIndex = 0; path = swift_button_app.app; sourceTree = BUILT_PRODUCTS_DIR; };
		67404D49248C5D430084681C /* AppDelegate.swift */ = {isa = PBXFileReference; lastKnownFileType = sourcecode.swift; path = AppDelegate.swift; sourceTree = "<group>"; };
		67404D4B248C5D430084681C /* SceneDelegate.swift */ = {isa = PBXFileReference; lastKnownFileType = sourcecode.swift; path = SceneDelegate.swift; sourceTree = "<group>"; };
		67404D4D248C5D430084681C /* ViewController.swift */ = {isa = PBXFileReference; lastKnownFileType = sourcecode.swift; path = ViewController.swift; sourceTree = "<group>"; };
		67404D50248C5D430084681C /* Base */ = {isa = PBXFileReference; lastKnownFileType = file.storyboard; name = Base; path = Base.lproj/Main.storyboard; sourceTree = "<group>"; };
		67404D52248C5D450084681C /* Assets.xcassets */ = {isa = PBXFileReference; lastKnownFileType = folder.assetcatalog; path = Assets.xcassets; sourceTree = "<group>"; };
		67404D55248C5D450084681C /* Base */ = {isa = PBXFileReference; lastKnownFileType = file.storyboard; name = Base; path = Base.lproj/LaunchScreen.storyboard; sourceTree = "<group>"; };
		67404D57248C5D450084681C /* Info.plist */ = {isa = PBXFileReference; lastKnownFileType = text.plist.xml; path = Info.plist; sourceTree = "<group>"; };
		67404D5D248C66240084681C /* key.png */ = {isa = PBXFileReference; lastKnownFileType = image.png; path = key.png; sourceTree = "<group>"; };
		67404D5E248C66240084681C /* setting.png */ = {isa = PBXFileReference; lastKnownFileType = image.png; path = setting.png; sourceTree = "<group>"; };
		67C699B6248C84BF00C258A9 /* NextViewController.swift */ = {isa = PBXFileReference; lastKnownFileType = sourcecode.swift; path = NextViewController.swift; sourceTree = "<group>"; };
/* End PBXFileReference section */

/* Begin PBXFrameworksBuildPhase section */
		67404D43248C5D420084681C /* Frameworks */ = {
			isa = PBXFrameworksBuildPhase;
			buildActionMask = 2147483647;
			files = (
			);
			runOnlyForDeploymentPostprocessing = 0;
		};
/* End PBXFrameworksBuildPhase section */

/* Begin PBXGroup section */
		67404D3D248C5D420084681C = {
			isa = PBXGroup;
			children = (
				67404D5D248C66240084681C /* key.png */,
				67404D5E248C66240084681C /* setting.png */,
				67404D48248C5D420084681C /* swift_button_app */,
				67404D47248C5D420084681C /* Products */,
			);
			sourceTree = "<group>";
		};
		67404D47248C5D420084681C /* Products */ = {
			isa = PBXGroup;
			children = (
				67404D46248C5D420084681C /* swift_button_app.app */,
			);
			name = Products;
			sourceTree = "<group>";
		};
		67404D48248C5D420084681C /* swift_button_app */ = {
			isa = PBXGroup;
			children = (
				67404D49248C5D430084681C /* AppDelegate.swift */,
				67404D4B248C5D430084681C /* SceneDelegate.swift */,
				67404D4D248C5D430084681C /* ViewController.swift */,
				67C699B6248C84BF00C258A9 /* NextViewController.swift */,
				67404D4F248C5D430084681C /* Main.storyboard */,
				67404D52248C5D450084681C /* Assets.xcassets */,
				67404D54248C5D450084681C /* LaunchScreen.storyboard */,
				67404D57248C5D450084681C /* Info.plist */,
			);
			path = swift_button_app;
			sourceTree = "<group>";
		};
/* End PBXGroup section */

/* Begin PBXNativeTarget section */
		67404D45248C5D420084681C /* swift_button_app */ = {
			isa = PBXNativeTarget;
			buildConfigurationList = 67404D5A248C5D450084681C /* Build configuration list for PBXNativeTarget "swift_button_app" */;
			buildPhases = (
				67404D42248C5D420084681C /* Sources */,
				67404D43248C5D420084681C /* Frameworks */,
				67404D44248C5D420084681C /* Resources */,
			);
			buildRules = (
			);
			dependencies = (
			);
			name = swift_button_app;
			productName = swift_button_app;
			productReference = 67404D46248C5D420084681C /* swift_button_app.app */;
			productType = "com.apple.product-type.application";
		};
/* End PBXNativeTarget section */

/* Begin PBXProject section */
		67404D3E248C5D420084681C /* Project object */ = {
			isa = PBXProject;
			attributes = {
				LastSwiftUpdateCheck = 1150;
				LastUpgradeCheck = 1150;
				ORGANIZATIONNAME = haya;
				TargetAttributes = {
					67404D45248C5D420084681C = {
						CreatedOnToolsVersion = 11.5;
					};
				};
			};
			buildConfigurationList = 67404D41248C5D420084681C /* Build configuration list for PBXProject "swift_button_app" */;
			compatibilityVersion = "Xcode 9.3";
			developmentRegion = en;
			hasScannedForEncodings = 0;
			knownRegions = (
				en,
				Base,
			);
			mainGroup = 67404D3D248C5D420084681C;
			productRefGroup = 67404D47248C5D420084681C /* Products */;
			projectDirPath = "";
			projectRoot = "";
			targets = (
				67404D45248C5D420084681C /* swift_button_app */,
			);
		};
/* End PBXProject section */

/* Begin PBXResourcesBuildPhase section */
		67404D44248C5D420084681C /* Resources */ = {
			isa = PBXResourcesBuildPhase;
			buildActionMask = 2147483647;
			files = (
				67404D56248C5D450084681C /* LaunchScreen.storyboard in Resources */,
				67404D53248C5D450084681C /* Assets.xcassets in Resources */,
				67404D51248C5D430084681C /* Main.storyboard in Resources */,
				67404D60248C66240084681C /* setting.png in Resources */,
				67404D5F248C66240084681C /* key.png in Resources */,
			);
			runOnlyForDeploymentPostprocessing = 0;
		};
/* End PBXResourcesBuildPhase section */

/* Begin PBXSourcesBuildPhase section */
		67404D42248C5D420084681C /* Sources */ = {
			isa = PBXSourcesBuildPhase;
			buildActionMask = 2147483647;
			files = (
				67404D4E248C5D430084681C /* ViewController.swift in Sources */,
				67C699B7248C84BF00C258A9 /* NextViewController.swift in Sources */,
				67404D4A248C5D430084681C /* AppDelegate.swift in Sources */,
				67404D4C248C5D430084681C /* SceneDelegate.swift in Sources */,
			);
			runOnlyForDeploymentPostprocessing = 0;
		};
/* End PBXSourcesBuildPhase section */

/* Begin PBXVariantGroup section */
		67404D4F248C5D430084681C /* Main.storyboard */ = {
			isa = PBXVariantGroup;
			children = (
				67404D50248C5D430084681C /* Base */,
			);
			name = Main.storyboard;
			sourceTree = "<group>";
		};
		67404D54248C5D450084681C /* LaunchScreen.storyboard */ = {
			isa = PBXVariantGroup;
			children = (
				67404D55248C5D450084681C /* Base */,
			);
			name = LaunchScreen.storyboard;
			sourceTree = "<group>";
		};
/* End PBXVariantGroup section */

/* Begin XCBuildConfiguration section */
		67404D58248C5D450084681C /* Debug */ = {
			isa = XCBuildConfiguration;
			buildSettings = {
				ALWAYS_SEARCH_USER_PATHS = NO;
				CLANG_ANALYZER_NONNULL = YES;
				CLANG_ANALYZER_NUMBER_OBJECT_CONVERSION = YES_AGGRESSIVE;
				CLANG_CXX_LANGUAGE_STANDARD = "gnu++14";
				CLANG_CXX_LIBRARY = "libc++";
				CLANG_ENABLE_MODULES = YES;
				CLANG_ENABLE_OBJC_ARC = YES;
				CLANG_ENABLE_OBJC_WEAK = YES;
				CLANG_WARN_BLOCK_CAPTURE_AUTORELEASING = YES;
				CLANG_WARN_BOOL_CONVERSION = YES;
				CLANG_WARN_COMMA = YES;
				CLANG_WARN_CONSTANT_CONVERSION = YES;
				CLANG_WARN_DEPRECATED_OBJC_IMPLEMENTATIONS = YES;
				CLANG_WARN_DIRECT_OBJC_ISA_USAGE = YES_ERROR;
				CLANG_WARN_DOCUMENTATION_COMMENTS = YES;
				CLANG_WARN_EMPTY_BODY = YES;
				CLANG_WARN_ENUM_CONVERSION = YES;
				CLANG_WARN_INFINITE_RECURSION = YES;
				CLANG_WARN_INT_CONVERSION = YES;
				CLANG_WARN_NON_LITERAL_NULL_CONVERSION = YES;
				CLANG_WARN_OBJC_IMPLICIT_RETAIN_SELF = YES;
				CLANG_WARN_OBJC_LITERAL_CONVERSION = YES;
				CLANG_WARN_OBJC_ROOT_CLASS = YES_ERROR;
				CLANG_WARN_RANGE_LOOP_ANALYSIS = YES;
				CLANG_WARN_STRICT_PROTOTYPES = YES;
				CLANG_WARN_SUSPICIOUS_MOVE = YES;
				CLANG_WARN_UNGUARDED_AVAILABILITY = YES_AGGRESSIVE;
				CLANG_WARN_UNREACHABLE_CODE = YES;
				CLANG_WARN__DUPLICATE_METHOD_MATCH = YES;
				COPY_PHASE_STRIP = NO;
				DEBUG_INFORMATION_FORMAT = dwarf;
				ENABLE_STRICT_OBJC_MSGSEND = YES;
				ENABLE_TESTABILITY = YES;
				GCC_C_LANGUAGE_STANDARD = gnu11;
				GCC_DYNAMIC_NO_PIC = NO;
				GCC_NO_COMMON_BLOCKS = YES;
				GCC_OPTIMIZATION_LEVEL = 0;
				GCC_PREPROCESSOR_DEFINITIONS = (
					"DEBUG=1",
					"$(inherited)",
				);
				GCC_WARN_64_TO_32_BIT_CONVERSION = YES;
				GCC_WARN_ABOUT_RETURN_TYPE = YES_ERROR;
				GCC_WARN_UNDECLARED_SELECTOR = YES;
				GCC_WARN_UNINITIALIZED_AUTOS = YES_AGGRESSIVE;
				GCC_WARN_UNUSED_FUNCTION = YES;
				GCC_WARN_UNUSED_VARIABLE = YES;
				IPHONEOS_DEPLOYMENT_TARGET = 13.5;
				MTL_ENABLE_DEBUG_INFO = INCLUDE_SOURCE;
				MTL_FAST_MATH = YES;
				ONLY_ACTIVE_ARCH = YES;
				SDKROOT = iphoneos;
				SWIFT_ACTIVE_COMPILATION_CONDITIONS = DEBUG;
				SWIFT_OPTIMIZATION_LEVEL = "-Onone";
			};
			name = Debug;
		};
		67404D59248C5D450084681C /* Release */ = {
			isa = XCBuildConfiguration;
			buildSettings = {
				ALWAYS_SEARCH_USER_PATHS = NO;
				CLANG_ANALYZER_NONNULL = YES;
				CLANG_ANALYZER_NUMBER_OBJECT_CONVERSION = YES_AGGRESSIVE;
				CLANG_CXX_LANGUAGE_STANDARD = "gnu++14";
				CLANG_CXX_LIBRARY = "libc++";
				CLANG_ENABLE_MODULES = YES;
				CLANG_ENABLE_OBJC_ARC = YES;
				CLANG_ENABLE_OBJC_WEAK = YES;
				CLANG_WARN_BLOCK_CAPTURE_AUTORELEASING = YES;
				CLANG_WARN_BOOL_CONVERSION = YES;
				CLANG_WARN_COMMA = YES;
				CLANG_WARN_CONSTANT_CONVERSION = YES;
				CLANG_WARN_DEPRECATED_OBJC_IMPLEMENTATIONS = YES;
				CLANG_WARN_DIRECT_OBJC_ISA_USAGE = YES_ERROR;
				CLANG_WARN_DOCUMENTATION_COMMENTS = YES;
				CLANG_WARN_EMPTY_BODY = YES;
				CLANG_WARN_ENUM_CONVERSION = YES;
				CLANG_WARN_INFINITE_RECURSION = YES;
				CLANG_WARN_INT_CONVERSION = YES;
				CLANG_WARN_NON_LITERAL_NULL_CONVERSION = YES;
				CLANG_WARN_OBJC_IMPLICIT_RETAIN_SELF = YES;
				CLANG_WARN_OBJC_LITERAL_CONVERSION = YES;
				CLANG_WARN_OBJC_ROOT_CLASS = YES_ERROR;
				CLANG_WARN_RANGE_LOOP_ANALYSIS = YES;
				CLANG_WARN_STRICT_PROTOTYPES = YES;
				CLANG_WARN_SUSPICIOUS_MOVE = YES;
				CLANG_WARN_UNGUARDED_AVAILABILITY = YES_AGGRESSIVE;
				CLANG_WARN_UNREACHABLE_CODE = YES;
				CLANG_WARN__DUPLICATE_METHOD_MATCH = YES;
				COPY_PHASE_STRIP = NO;
				DEBUG_INFORMATION_FORMAT = "dwarf-with-dsym";
				ENABLE_NS_ASSERTIONS = NO;
				ENABLE_STRICT_OBJC_MSGSEND = YES;
				GCC_C_LANGUAGE_STANDARD = gnu11;
				GCC_NO_COMMON_BLOCKS = YES;
				GCC_WARN_64_TO_32_BIT_CONVERSION = YES;
				GCC_WARN_ABOUT_RETURN_TYPE = YES_ERROR;
				GCC_WARN_UNDECLARED_SELECTOR = YES;
				GCC_WARN_UNINITIALIZED_AUTOS = YES_AGGRESSIVE;
				GCC_WARN_UNUSED_FUNCTION = YES;
				GCC_WARN_UNUSED_VARIABLE = YES;
				IPHONEOS_DEPLOYMENT_TARGET = 13.5;
				MTL_ENABLE_DEBUG_INFO = NO;
				MTL_FAST_MATH = YES;
				SDKROOT = iphoneos;
				SWIFT_COMPILATION_MODE = wholemodule;
				SWIFT_OPTIMIZATION_LEVEL = "-O";
				VALIDATE_PRODUCT = YES;
			};
			name = Release;
		};
		67404D5B248C5D450084681C /* Debug */ = {
			isa = XCBuildConfiguration;
			buildSettings = {
				ASSETCATALOG_COMPILER_APPICON_NAME = AppIcon;
				CODE_SIGN_STYLE = Automatic;
				DEVELOPMENT_TEAM = 8GU4GU7MP6;
				INFOPLIST_FILE = swift_button_app/Info.plist;
				LD_RUNPATH_SEARCH_PATHS = (
					"$(inherited)",
					"@executable_path/Frameworks",
				);
				PRODUCT_BUNDLE_IDENTIFIER = "com.example.swift-button-app";
				PRODUCT_NAME = "$(TARGET_NAME)";
				SWIFT_VERSION = 5.0;
				TARGETED_DEVICE_FAMILY = "1,2";
			};
			name = Debug;
		};
		67404D5C248C5D450084681C /* Release */ = {
			isa = XCBuildConfiguration;
			buildSettings = {
				ASSETCATALOG_COMPILER_APPICON_NAME = AppIcon;
				CODE_SIGN_STYLE = Automatic;
				DEVELOPMENT_TEAM = 8GU4GU7MP6;
				INFOPLIST_FILE = swift_button_app/Info.plist;
				LD_RUNPATH_SEARCH_PATHS = (
					"$(inherited)",
					"@executable_path/Frameworks",
				);
				PRODUCT_BUNDLE_IDENTIFIER = "com.example.swift-button-app";
				PRODUCT_NAME = "$(TARGET_NAME)";
				SWIFT_VERSION = 5.0;
				TARGETED_DEVICE_FAMILY = "1,2";
			};
			name = Release;
		};
/* End XCBuildConfiguration section */

/* Begin XCConfigurationList section */
		67404D41248C5D420084681C /* Build configuration list for PBXProject "swift_button_app" */ = {
			isa = XCConfigurationList;
			buildConfigurations = (
				67404D58248C5D450084681C /* Debug */,
				67404D59248C5D450084681C /* Release */,
			);
			defaultConfigurationIsVisible = 0;
			defaultConfigurationName = Release;
		};
		67404D5A248C5D450084681C /* Build configuration list for PBXNativeTarget "swift_button_app" */ = {
			isa = XCConfigurationList;
			buildConfigurations = (
				67404D5B248C5D450084681C /* Debug */,
				67404D5C248C5D450084681C /* Release */,
			);
			defaultConfigurationIsVisible = 0;
			defaultConfigurationName = Release;
		};
/* End XCConfigurationList section */
	};
	rootObject = 67404D3E248C5D420084681C /* Project object */;
}
